
Microsoft Visual Studio Solution File, Format Version 12.00
# Visual Studio Version 16
VisualStudioVersion = 16.0.31729.503
MinimumVisualStudioVersion = 10.0.40219.1
Project("{FAE04EC0-301F-11D3-BF4B-00C04F79EFBC}") = "Practika", "Practika\Practika.csproj", "{63D67DCD-D07D-481E-BEEF-8CC8093A2B8D}"
EndProject
Global
	GlobalSection(SolutionConfigurationPlatforms) = preSolution
		Debug|Any CPU = Debug|Any CPU
		Release|Any CPU = Release|Any CPU
	EndGlobalSection
	GlobalSection(ProjectConfigurationPlatforms) = postSolution
		{63D67DCD-D07D-481E-BEEF-8CC8093A2B8D}.Debug|Any CPU.ActiveCfg = Debug|Any CPU
		{63D67DCD-D07D-481E-BEEF-8CC8093A2B8D}.Debug|Any CPU.Build.0 = Debug|Any CPU
		{63D67DCD-D07D-481E-BEEF-8CC8093A2B8D}.Release|Any CPU.ActiveCfg = Release|Any CPU
		{63D67DCD-D07D-481E-BEEF-8CC8093A2B8D}.Release|Any CPU.Build.0 = Release|Any CPU
	EndGlobalSection
	GlobalSection(SolutionProperties) = preSolution
		HideSolutionNode = FALSE
	EndGlobalSection
	GlobalSection(ExtensibilityGlobals) = postSolution
		SolutionGuid = {1BC3B553-F0A4-43D9-85B5-A36BA5E6762B}
	EndGlobalSection
EndGlobal
